
Microsoft Visual Studio Solution File, Format Version 12.00
# Visual Studio Version 16
VisualStudioVersion = 16.0.29411.108
MinimumVisualStudioVersion = 10.0.40219.1
Project("{FAE04EC0-301F-11D3-BF4B-00C04F79EFBC}") = "TheFinalSheDriverTrainingHub", "TheFinalSheDriverTrainingHub.csproj", "{B4755799-3090-476A-A13F-D9C50EB84784}"
EndProject
Global
	GlobalSection(SolutionConfigurationPlatforms) = preSolution
		Debug|Any CPU = Debug|Any CPU
		Release|Any CPU = Release|Any CPU
	EndGlobalSection
	GlobalSection(ProjectConfigurationPlatforms) = postSolution
		{B4755799-3090-476A-A13F-D9C50EB84784}.Debug|Any CPU.ActiveCfg = Debug|Any CPU
		{B4755799-3090-476A-A13F-D9C50EB84784}.Debug|Any CPU.Build.0 = Debug|Any CPU
		{B4755799-3090-476A-A13F-D9C50EB84784}.Release|Any CPU.ActiveCfg = Release|Any CPU
		{B4755799-3090-476A-A13F-D9C50EB84784}.Release|Any CPU.Build.0 = Release|Any CPU
	EndGlobalSection
	GlobalSection(SolutionProperties) = preSolution
		HideSolutionNode = FALSE
	EndGlobalSection
	GlobalSection(ExtensibilityGlobals) = postSolution
		SolutionGuid = {40794D8E-FD37-43A1-80FA-3319138E9042}
	EndGlobalSection
EndGlobal
